
Microsoft Visual Studio Solution File, Format Version 12.00
# Visual Studio Version 16
VisualStudioVersion = 16.0.29613.14
MinimumVisualStudioVersion = 10.0.40219.1
Project("{E24C65DC-7377-472B-9ABA-BC803B73C61A}") = "BLMKAntibioticsWebsite-main", ".", "{22C3659C-380D-47B6-8843-18A3E28DFA02}"
	ProjectSection(WebsiteProperties) = preProject
		TargetFrameworkMoniker = ".NETFramework,Version%3Dv4.7.2"
		Debug.AspNetCompiler.VirtualPath = "/localhost_65353"
		Debug.AspNetCompiler.PhysicalPath = "..\BLMKAntibioticsWebsite-main\"
		Debug.AspNetCompiler.TargetPath = "PrecompiledWeb\localhost_65353\"
		Debug.AspNetCompiler.Updateable = "true"
		Debug.AspNetCompiler.ForceOverwrite = "true"
		Debug.AspNetCompiler.FixedNames = "false"
		Debug.AspNetCompiler.Debug = "True"
		Release.AspNetCompiler.VirtualPath = "/localhost_65353"
		Release.AspNetCompiler.PhysicalPath = "..\BLMKAntibioticsWebsite-main\"
		Release.AspNetCompiler.TargetPath = "PrecompiledWeb\localhost_65353\"
		Release.AspNetCompiler.Updateable = "true"
		Release.AspNetCompiler.ForceOverwrite = "true"
		Release.AspNetCompiler.FixedNames = "false"
		Release.AspNetCompiler.Debug = "False"
		VWDPort = "65353"
		SlnRelativePath = "..\BLMKAntibioticsWebsite-main\"
	EndProjectSection
EndProject
Global
	GlobalSection(SolutionConfigurationPlatforms) = preSolution
		Debug|Any CPU = Debug|Any CPU
	EndGlobalSection
	GlobalSection(ProjectConfigurationPlatforms) = postSolution
		{22C3659C-380D-47B6-8843-18A3E28DFA02}.Debug|Any CPU.ActiveCfg = Debug|Any CPU
		{22C3659C-380D-47B6-8843-18A3E28DFA02}.Debug|Any CPU.Build.0 = Debug|Any CPU
	EndGlobalSection
	GlobalSection(SolutionProperties) = preSolution
		HideSolutionNode = FALSE
	EndGlobalSection
	GlobalSection(ExtensibilityGlobals) = postSolution
		SolutionGuid = {69297775-9A18-488C-A100-6F8291ADDA51}
	EndGlobalSection
EndGlobal
